
Microsoft Visual Studio Solution File, Format Version 12.00
# Visual Studio Version 16
VisualStudioVersion = 16.0.30709.132
MinimumVisualStudioVersion = 10.0.40219.1
Project("{FAE04EC0-301F-11D3-BF4B-00C04F79EFBC}") = "Selenium.Framework", "Selenium.Framework\Selenium.Framework.csproj", "{3FEE6A1F-7867-4406-A0B7-EF574C6DE99F}"
EndProject
Project("{FAE04EC0-301F-11D3-BF4B-00C04F79EFBC}") = "Selenium.GaiaOnline", "Selenium.GaiaOnline\Selenium.GaiaOnline.csproj", "{8DEE72C8-FC16-4929-B219-8DCCFA6C5FED}"
	ProjectSection(ProjectDependencies) = postProject
		{3FEE6A1F-7867-4406-A0B7-EF574C6DE99F} = {3FEE6A1F-7867-4406-A0B7-EF574C6DE99F}
	EndProjectSection
EndProject
Project("{FAE04EC0-301F-11D3-BF4B-00C04F79EFBC}") = "Selenium.Gaiaonline.Tests", "Selenium.Gaiaonline.Tests\Selenium.Gaiaonline.Tests.csproj", "{DFD86089-4152-454D-988F-4B2FDFB67F8A}"
EndProject
Global
	GlobalSection(SolutionConfigurationPlatforms) = preSolution
		Debug|Any CPU = Debug|Any CPU
		Release|Any CPU = Release|Any CPU
	EndGlobalSection
	GlobalSection(ProjectConfigurationPlatforms) = postSolution
		{3FEE6A1F-7867-4406-A0B7-EF574C6DE99F}.Debug|Any CPU.ActiveCfg = Debug|Any CPU
		{3FEE6A1F-7867-4406-A0B7-EF574C6DE99F}.Debug|Any CPU.Build.0 = Debug|Any CPU
		{3FEE6A1F-7867-4406-A0B7-EF574C6DE99F}.Release|Any CPU.ActiveCfg = Release|Any CPU
		{3FEE6A1F-7867-4406-A0B7-EF574C6DE99F}.Release|Any CPU.Build.0 = Release|Any CPU
		{8DEE72C8-FC16-4929-B219-8DCCFA6C5FED}.Debug|Any CPU.ActiveCfg = Debug|Any CPU
		{8DEE72C8-FC16-4929-B219-8DCCFA6C5FED}.Debug|Any CPU.Build.0 = Debug|Any CPU
		{8DEE72C8-FC16-4929-B219-8DCCFA6C5FED}.Release|Any CPU.ActiveCfg = Release|Any CPU
		{8DEE72C8-FC16-4929-B219-8DCCFA6C5FED}.Release|Any CPU.Build.0 = Release|Any CPU
		{DFD86089-4152-454D-988F-4B2FDFB67F8A}.Debug|Any CPU.ActiveCfg = Debug|Any CPU
		{DFD86089-4152-454D-988F-4B2FDFB67F8A}.Debug|Any CPU.Build.0 = Debug|Any CPU
		{DFD86089-4152-454D-988F-4B2FDFB67F8A}.Release|Any CPU.ActiveCfg = Release|Any CPU
		{DFD86089-4152-454D-988F-4B2FDFB67F8A}.Release|Any CPU.Build.0 = Release|Any CPU
	EndGlobalSection
	GlobalSection(SolutionProperties) = preSolution
		HideSolutionNode = FALSE
	EndGlobalSection
	GlobalSection(ExtensibilityGlobals) = postSolution
		SolutionGuid = {881C752A-BB3F-441C-A9DB-9A8CAFB05487}
	EndGlobalSection
EndGlobal
